
Microsoft Visual Studio Solution File, Format Version 12.00
# Visual Studio Version 17
VisualStudioVersion = 17.8.34525.116
MinimumVisualStudioVersion = 10.0.40219.1
Project("{FAE04EC0-301F-11D3-BF4B-00C04F79EFBC}") = "Guia10", "Guia10\Guia10.csproj", "{66EDE928-2E4C-477F-A050-284565106166}"
EndProject
Global
	GlobalSection(SolutionConfigurationPlatforms) = preSolution
		Debug|Any CPU = Debug|Any CPU
		Release|Any CPU = Release|Any CPU
	EndGlobalSection
	GlobalSection(ProjectConfigurationPlatforms) = postSolution
		{66EDE928-2E4C-477F-A050-284565106166}.Debug|Any CPU.ActiveCfg = Debug|Any CPU
		{66EDE928-2E4C-477F-A050-284565106166}.Debug|Any CPU.Build.0 = Debug|Any CPU
		{66EDE928-2E4C-477F-A050-284565106166}.Release|Any CPU.ActiveCfg = Release|Any CPU
		{66EDE928-2E4C-477F-A050-284565106166}.Release|Any CPU.Build.0 = Release|Any CPU
	EndGlobalSection
	GlobalSection(SolutionProperties) = preSolution
		HideSolutionNode = FALSE
	EndGlobalSection
	GlobalSection(ExtensibilityGlobals) = postSolution
		SolutionGuid = {C90E4E16-88F5-4070-B302-403048F9D18A}
	EndGlobalSection
EndGlobal
